{
  "version": 4,
  "terraform_version": "1.2.9",
  "serial": 52,
  "lineage": "ff383654-44c4-be84-fe37-429df8269c2d",
  "outputs": {
    "floating_ip_out": {
      "value": "129.114.27.12",
      "type": "string"
    }
  },
  "resources": [
    {
      "mode": "data",
      "type": "openstack_networking_network_v2",
      "name": "sharednet2",
      "provider": "provider[\"registry.terraform.io/terraform-provider-openstack/openstack\"]",
      "instances": [
        {
          "schema_version": 0,
          "attributes": {
            "admin_state_up": "true",
            "all_tags": [],
            "availability_zone_hints": [],
            "description": "",
            "dns_domain": "",
            "external": false,
            "id": "4ec616b2-79e1-4813-abca-f2ceb41e0a89",
            "matching_subnet_cidr": null,
            "mtu": 1450,
            "name": "sharednet2",
            "network_id": null,
            "region": "KVM@TACC",
            "segments": [],
            "shared": "false",
            "status": null,
            "subnets": [
              "00b8d316-7617-4da4-b6c0-b7dd1dd78cd4"
            ],
            "tags": null,
            "tenant_id": "89f528973fea4b3a981f9b2344e522de",
            "transparent_vlan": false
          },
          "sensitive_attributes": []
        }
      ]
    },
    {
      "mode": "data",
      "type": "openstack_networking_secgroup_v2",
      "name": "allow_8000",
      "provider": "provider[\"registry.terraform.io/terraform-provider-openstack/openstack\"]",
      "instances": [
        {
          "schema_version": 0,
          "attributes": {
            "all_tags": [],
            "description": "Enable TCP port 8000 (used by FastAPI)",
            "id": "17a6d962-cc23-4551-ac0b-08b098f451d2",
            "name": "allow-8000",
            "region": "KVM@TACC",
            "secgroup_id": null,
            "tags": null,
            "tenant_id": "89f528973fea4b3a981f9b2344e522de"
          },
          "sensitive_attributes": []
        }
      ]
    },
    {
      "mode": "data",
      "type": "openstack_networking_secgroup_v2",
      "name": "allow_8080",
      "provider": "provider[\"registry.terraform.io/terraform-provider-openstack/openstack\"]",
      "instances": [
        {
          "schema_version": 0,
          "attributes": {
            "all_tags": [],
            "description": "Enable TCP port 8080 (used by cAdvisor, Label Studio)",
            "id": "e6eff5db-c96d-4e3d-be49-1ade281f4a7a",
            "name": "allow-8080",
            "region": "KVM@TACC",
            "secgroup_id": null,
            "tags": null,
            "tenant_id": "89f528973fea4b3a981f9b2344e522de"
          },
          "sensitive_attributes": []
        }
      ]
    },
    {
      "mode": "data",
      "type": "openstack_networking_secgroup_v2",
      "name": "allow_8081",
      "provider": "provider[\"registry.terraform.io/terraform-provider-openstack/openstack\"]",
      "instances": [
        {
          "schema_version": 0,
          "attributes": {
            "all_tags": [],
            "description": "Enable TCP port 8081 (alt for 8080)",
            "id": "9806d71f-f0bd-4c5d-8c48-f32db3094575",
            "name": "allow-8081",
            "region": "KVM@TACC",
            "secgroup_id": null,
            "tags": null,
            "tenant_id": "89f528973fea4b3a981f9b2344e522de"
          },
          "sensitive_attributes": []
        }
      ]
    },
    {
      "mode": "data",
      "type": "openstack_networking_secgroup_v2",
      "name": "allow_9001",
      "provider": "provider[\"registry.terraform.io/terraform-provider-openstack/openstack\"]",
      "instances": [
        {
          "schema_version": 0,
          "attributes": {
            "all_tags": [],
            "description": "Enable TCP port 9001 (used by MinIO Web UI)",
            "id": "ad2912c0-caa9-49e0-b431-b9b3953b91b3",
            "name": "allow-9001",
            "region": "KVM@TACC",
            "secgroup_id": null,
            "tags": null,
            "tenant_id": "89f528973fea4b3a981f9b2344e522de"
          },
          "sensitive_attributes": []
        }
      ]
    },
    {
      "mode": "data",
      "type": "openstack_networking_secgroup_v2",
      "name": "allow_9090",
      "provider": "provider[\"registry.terraform.io/terraform-provider-openstack/openstack\"]",
      "instances": [
        {
          "schema_version": 0,
          "attributes": {
            "all_tags": [],
            "description": "Enable TCP port 9090 (used by Prometheus)",
            "id": "d6736d54-d9a4-431c-a5b5-4d29dbcdee03",
            "name": "allow-9090",
            "region": "KVM@TACC",
            "secgroup_id": null,
            "tags": null,
            "tenant_id": "89f528973fea4b3a981f9b2344e522de"
          },
          "sensitive_attributes": []
        }
      ]
    },
    {
      "mode": "data",
      "type": "openstack_networking_secgroup_v2",
      "name": "allow_http_80",
      "provider": "provider[\"registry.terraform.io/terraform-provider-openstack/openstack\"]",
      "instances": [
        {
          "schema_version": 0,
          "attributes": {
            "all_tags": [],
            "description": "Enable HTTP traffic on TCP port 80",
            "id": "5df2db36-79f9-4b9b-b6c9-1ece762d83fb",
            "name": "allow-http-80",
            "region": "KVM@TACC",
            "secgroup_id": null,
            "tags": null,
            "tenant_id": "89f528973fea4b3a981f9b2344e522de"
          },
          "sensitive_attributes": []
        }
      ]
    },
    {
      "mode": "data",
      "type": "openstack_networking_secgroup_v2",
      "name": "allow_ssh",
      "provider": "provider[\"registry.terraform.io/terraform-provider-openstack/openstack\"]",
      "instances": [
        {
          "schema_version": 0,
          "attributes": {
            "all_tags": [],
            "description": "Enable SSH traffic on TCP port 22",
            "id": "47860acf-9269-4d26-84b1-363824f7e0a2",
            "name": "allow-ssh",
            "region": "KVM@TACC",
            "secgroup_id": null,
            "tags": null,
            "tenant_id": "89f528973fea4b3a981f9b2344e522de"
          },
          "sensitive_attributes": []
        }
      ]
    },
    {
      "mode": "data",
      "type": "openstack_networking_subnet_v2",
      "name": "sharednet2_subnet",
      "provider": "provider[\"registry.terraform.io/terraform-provider-openstack/openstack\"]",
      "instances": [
        {
          "schema_version": 0,
          "attributes": {
            "all_tags": [],
            "allocation_pools": [
              {
                "end": "10.56.3.253",
                "start": "10.56.0.2"
              }
            ],
            "cidr": "10.56.0.0/22",
            "description": "",
            "dhcp_disabled": null,
            "dhcp_enabled": null,
            "dns_nameservers": [
              "129.114.97.1",
              "129.114.97.2"
            ],
            "enable_dhcp": true,
            "gateway_ip": "10.56.0.1",
            "host_routes": [],
            "id": "00b8d316-7617-4da4-b6c0-b7dd1dd78cd4",
            "ip_version": 4,
            "ipv6_address_mode": "",
            "ipv6_ra_mode": "",
            "name": "sharednet2-subnet",
            "network_id": "4ec616b2-79e1-4813-abca-f2ceb41e0a89",
            "region": "KVM@TACC",
            "service_types": [],
            "subnet_id": null,
            "subnetpool_id": "",
            "tags": null,
            "tenant_id": "89f528973fea4b3a981f9b2344e522de"
          },
          "sensitive_attributes": []
        }
      ]
    },
    {
      "mode": "managed",
      "type": "openstack_blockstorage_volume_v3",
      "name": "shared_volume",
      "provider": "provider[\"registry.terraform.io/terraform-provider-openstack/openstack\"]",
      "instances": [
        {
          "schema_version": 0,
          "attributes": {
            "attachment": [
              {
                "device": "/dev/vdb",
                "id": "8c01565b-7ff3-40b9-b8e8-e4d1550864f9",
                "instance_id": "b522893a-ed0e-4e73-8d7a-fc583a706d66"
              }
            ],
            "availability_zone": "nova",
            "consistency_group_id": null,
            "description": "",
            "enable_online_resize": null,
            "id": "8c01565b-7ff3-40b9-b8e8-e4d1550864f9",
            "image_id": null,
            "metadata": {},
            "multiattach": null,
            "name": "block-persist-group36",
            "region": "KVM@TACC",
            "scheduler_hints": [],
            "size": 20,
            "snapshot_id": "",
            "source_replica": null,
            "source_vol_id": "",
            "timeouts": null,
            "volume_type": "ceph-hdd"
          },
          "sensitive_attributes": [],
          "private": "eyJlMmJmYjczMC1lY2FhLTExZTYtOGY4OC0zNDM2M2JjN2M0YzAiOnsiY3JlYXRlIjo2MDAwMDAwMDAwMDAsImRlbGV0ZSI6NjAwMDAwMDAwMDAwfX0="
        }
      ]
    },
    {
      "mode": "managed",
      "type": "openstack_compute_instance_v2",
      "name": "nodes",
      "provider": "provider[\"registry.terraform.io/terraform-provider-openstack/openstack\"]",
      "instances": [
        {
          "index_key": "node1",
          "schema_version": 0,
          "attributes": {
            "access_ip_v4": "10.56.0.193",
            "access_ip_v6": "",
            "admin_pass": null,
            "all_metadata": {},
            "all_tags": [],
            "availability_zone": "nova",
            "availability_zone_hints": null,
            "block_device": [],
            "config_drive": null,
            "created": "2025-05-01 22:12:13 +0000 UTC",
            "flavor_id": "3",
            "flavor_name": "m1.medium",
            "floating_ip": null,
            "force_delete": false,
            "id": "b522893a-ed0e-4e73-8d7a-fc583a706d66",
            "image_id": "96d9c658-6540-4796-ae64-54d8ac6c45f8",
            "image_name": "CC-Ubuntu24.04",
            "key_pair": "id_rsa_chameleon",
            "metadata": null,
            "name": "node1-mlops-group36",
            "network": [
              {
                "access_network": false,
                "fixed_ip_v4": "10.56.0.193",
                "fixed_ip_v6": "",
                "floating_ip": "",
                "mac": "fa:16:3e:23:0f:83",
                "name": "sharednet2",
                "port": "279b5f6e-97b1-4d10-84cb-9c7528dd7cdd",
                "uuid": "4ec616b2-79e1-4813-abca-f2ceb41e0a89"
              },
              {
                "access_network": false,
                "fixed_ip_v4": "192.168.1.11",
                "fixed_ip_v6": "",
                "floating_ip": "",
                "mac": "fa:16:3e:6c:04:1e",
                "name": "private-net-mlops-group36",
                "port": "924ec7af-d652-48c3-9c2c-86ff494ec8fb",
                "uuid": "d1f0855e-ea35-473d-8539-c6a571844299"
              }
            ],
            "network_mode": null,
            "personality": [],
            "power_state": "active",
            "region": "KVM@TACC",
            "scheduler_hints": [],
            "security_groups": [
              "allow-8000",
              "allow-8080",
              "allow-8081",
              "allow-9001",
              "allow-9090",
              "allow-http-80",
              "allow-ssh"
            ],
            "stop_before_destroy": false,
            "tags": [],
            "timeouts": null,
            "updated": "2025-05-08 16:38:54 +0000 UTC",
            "user_data": "80c6b143c96acd79cd87a5d6c8fa72a5745e1f55",
            "vendor_options": [],
            "volume": []
          },
          "sensitive_attributes": [],
          "private": "eyJlMmJmYjczMC1lY2FhLTExZTYtOGY4OC0zNDM2M2JjN2M0YzAiOnsiY3JlYXRlIjoxODAwMDAwMDAwMDAwLCJkZWxldGUiOjE4MDAwMDAwMDAwMDAsInVwZGF0ZSI6MTgwMDAwMDAwMDAwMH19",
          "dependencies": [
            "data.openstack_networking_network_v2.sharednet2",
            "data.openstack_networking_secgroup_v2.allow_8000",
            "data.openstack_networking_secgroup_v2.allow_8080",
            "data.openstack_networking_secgroup_v2.allow_8081",
            "data.openstack_networking_secgroup_v2.allow_9001",
            "data.openstack_networking_secgroup_v2.allow_9090",
            "data.openstack_networking_secgroup_v2.allow_http_80",
            "data.openstack_networking_secgroup_v2.allow_ssh",
            "openstack_networking_network_v2.private_net",
            "openstack_networking_port_v2.private_net_ports",
            "openstack_networking_port_v2.sharednet2_ports",
            "openstack_networking_subnet_v2.private_subnet"
          ]
        },
        {
          "index_key": "node2",
          "schema_version": 0,
          "attributes": {
            "access_ip_v4": "10.56.3.66",
            "access_ip_v6": "",
            "admin_pass": null,
            "all_metadata": {},
            "all_tags": [],
            "availability_zone": "nova",
            "availability_zone_hints": null,
            "block_device": [],
            "config_drive": null,
            "created": "2025-05-01 22:12:13 +0000 UTC",
            "flavor_id": "3",
            "flavor_name": "m1.medium",
            "floating_ip": null,
            "force_delete": false,
            "id": "1eadd3f1-8667-4003-a07c-2b3dc04619be",
            "image_id": "96d9c658-6540-4796-ae64-54d8ac6c45f8",
            "image_name": "CC-Ubuntu24.04",
            "key_pair": "id_rsa_chameleon",
            "metadata": null,
            "name": "node2-mlops-group36",
            "network": [
              {
                "access_network": false,
                "fixed_ip_v4": "10.56.3.66",
                "fixed_ip_v6": "",
                "floating_ip": "",
                "mac": "fa:16:3e:ef:df:64",
                "name": "sharednet2",
                "port": "45c54a13-aa1a-42ab-8de9-f131b926643e",
                "uuid": "4ec616b2-79e1-4813-abca-f2ceb41e0a89"
              },
              {
                "access_network": false,
                "fixed_ip_v4": "192.168.1.12",
                "fixed_ip_v6": "",
                "floating_ip": "",
                "mac": "fa:16:3e:92:d5:cf",
                "name": "private-net-mlops-group36",
                "port": "bd536290-5d38-4f78-92c5-dbd03bd42b42",
                "uuid": "d1f0855e-ea35-473d-8539-c6a571844299"
              }
            ],
            "network_mode": null,
            "personality": [],
            "power_state": "active",
            "region": "KVM@TACC",
            "scheduler_hints": [],
            "security_groups": [
              "allow-8000",
              "allow-8080",
              "allow-8081",
              "allow-9001",
              "allow-9090",
              "allow-http-80",
              "allow-ssh"
            ],
            "stop_before_destroy": false,
            "tags": [],
            "timeouts": null,
            "updated": "2025-05-08 16:38:55 +0000 UTC",
            "user_data": "0621befa1abc5e71bc248a9a0d1bd0d0c9bd28b9",
            "vendor_options": [],
            "volume": []
          },
          "sensitive_attributes": [],
          "private": "eyJlMmJmYjczMC1lY2FhLTExZTYtOGY4OC0zNDM2M2JjN2M0YzAiOnsiY3JlYXRlIjoxODAwMDAwMDAwMDAwLCJkZWxldGUiOjE4MDAwMDAwMDAwMDAsInVwZGF0ZSI6MTgwMDAwMDAwMDAwMH19",
          "dependencies": [
            "data.openstack_networking_network_v2.sharednet2",
            "data.openstack_networking_secgroup_v2.allow_8000",
            "data.openstack_networking_secgroup_v2.allow_8080",
            "data.openstack_networking_secgroup_v2.allow_8081",
            "data.openstack_networking_secgroup_v2.allow_9001",
            "data.openstack_networking_secgroup_v2.allow_9090",
            "data.openstack_networking_secgroup_v2.allow_http_80",
            "data.openstack_networking_secgroup_v2.allow_ssh",
            "openstack_networking_network_v2.private_net",
            "openstack_networking_port_v2.private_net_ports",
            "openstack_networking_port_v2.sharednet2_ports",
            "openstack_networking_subnet_v2.private_subnet"
          ]
        },
        {
          "index_key": "node3",
          "schema_version": 0,
          "attributes": {
            "access_ip_v4": "10.56.3.145",
            "access_ip_v6": "",
            "admin_pass": null,
            "all_metadata": {},
            "all_tags": [],
            "availability_zone": "nova",
            "availability_zone_hints": null,
            "block_device": [],
            "config_drive": null,
            "created": "2025-05-01 22:12:13 +0000 UTC",
            "flavor_id": "3",
            "flavor_name": "m1.medium",
            "floating_ip": null,
            "force_delete": false,
            "id": "0e662f8e-e3f9-49d7-8ac5-cf86a0b323b8",
            "image_id": "96d9c658-6540-4796-ae64-54d8ac6c45f8",
            "image_name": "CC-Ubuntu24.04",
            "key_pair": "id_rsa_chameleon",
            "metadata": null,
            "name": "node3-mlops-group36",
            "network": [
              {
                "access_network": false,
                "fixed_ip_v4": "10.56.3.145",
                "fixed_ip_v6": "",
                "floating_ip": "",
                "mac": "fa:16:3e:61:56:82",
                "name": "sharednet2",
                "port": "b704a442-172a-4e64-81e6-077596ddeeca",
                "uuid": "4ec616b2-79e1-4813-abca-f2ceb41e0a89"
              },
              {
                "access_network": false,
                "fixed_ip_v4": "192.168.1.13",
                "fixed_ip_v6": "",
                "floating_ip": "",
                "mac": "fa:16:3e:7a:b7:0c",
                "name": "private-net-mlops-group36",
                "port": "9c99a3de-f9da-43ce-b7ba-96e5e0868ee6",
                "uuid": "d1f0855e-ea35-473d-8539-c6a571844299"
              }
            ],
            "network_mode": null,
            "personality": [],
            "power_state": "active",
            "region": "KVM@TACC",
            "scheduler_hints": [],
            "security_groups": [
              "allow-8000",
              "allow-8080",
              "allow-8081",
              "allow-9001",
              "allow-9090",
              "allow-http-80",
              "allow-ssh"
            ],
            "stop_before_destroy": false,
            "tags": [],
            "timeouts": null,
            "updated": "2025-05-08 16:38:55 +0000 UTC",
            "user_data": "fd87f35148a20bfcd7cfb5937c821ea23d4b798f",
            "vendor_options": [],
            "volume": []
          },
          "sensitive_attributes": [],
          "private": "eyJlMmJmYjczMC1lY2FhLTExZTYtOGY4OC0zNDM2M2JjN2M0YzAiOnsiY3JlYXRlIjoxODAwMDAwMDAwMDAwLCJkZWxldGUiOjE4MDAwMDAwMDAwMDAsInVwZGF0ZSI6MTgwMDAwMDAwMDAwMH19",
          "dependencies": [
            "data.openstack_networking_network_v2.sharednet2",
            "data.openstack_networking_secgroup_v2.allow_8000",
            "data.openstack_networking_secgroup_v2.allow_8080",
            "data.openstack_networking_secgroup_v2.allow_8081",
            "data.openstack_networking_secgroup_v2.allow_9001",
            "data.openstack_networking_secgroup_v2.allow_9090",
            "data.openstack_networking_secgroup_v2.allow_http_80",
            "data.openstack_networking_secgroup_v2.allow_ssh",
            "openstack_networking_network_v2.private_net",
            "openstack_networking_port_v2.private_net_ports",
            "openstack_networking_port_v2.sharednet2_ports",
            "openstack_networking_subnet_v2.private_subnet"
          ]
        }
      ]
    },
    {
      "mode": "managed",
      "type": "openstack_compute_volume_attach_v2",
      "name": "node1_volume_attach",
      "provider": "provider[\"registry.terraform.io/terraform-provider-openstack/openstack\"]",
      "instances": [
        {
          "schema_version": 0,
          "attributes": {
            "device": "/dev/vdb",
            "id": "b522893a-ed0e-4e73-8d7a-fc583a706d66/8c01565b-7ff3-40b9-b8e8-e4d1550864f9",
            "instance_id": "b522893a-ed0e-4e73-8d7a-fc583a706d66",
            "multiattach": null,
            "region": "KVM@TACC",
            "timeouts": null,
            "vendor_options": [],
            "volume_id": "8c01565b-7ff3-40b9-b8e8-e4d1550864f9"
          },
          "sensitive_attributes": [],
          "private": "eyJlMmJmYjczMC1lY2FhLTExZTYtOGY4OC0zNDM2M2JjN2M0YzAiOnsiY3JlYXRlIjo2MDAwMDAwMDAwMDAsImRlbGV0ZSI6NjAwMDAwMDAwMDAwfX0=",
          "dependencies": [
            "data.openstack_networking_network_v2.sharednet2",
            "data.openstack_networking_secgroup_v2.allow_8000",
            "data.openstack_networking_secgroup_v2.allow_8080",
            "data.openstack_networking_secgroup_v2.allow_8081",
            "data.openstack_networking_secgroup_v2.allow_9001",
            "data.openstack_networking_secgroup_v2.allow_9090",
            "data.openstack_networking_secgroup_v2.allow_http_80",
            "data.openstack_networking_secgroup_v2.allow_ssh",
            "openstack_blockstorage_volume_v3.shared_volume",
            "openstack_compute_instance_v2.nodes",
            "openstack_networking_network_v2.private_net",
            "openstack_networking_port_v2.private_net_ports",
            "openstack_networking_port_v2.sharednet2_ports",
            "openstack_networking_subnet_v2.private_subnet"
          ]
        }
      ]
    },
    {
      "mode": "managed",
      "type": "openstack_networking_floatingip_v2",
      "name": "floating_ip",
      "provider": "provider[\"registry.terraform.io/terraform-provider-openstack/openstack\"]",
      "instances": [
        {
          "schema_version": 0,
          "attributes": {
            "address": "129.114.27.12",
            "all_tags": [],
            "description": "MLOps IP for group36",
            "dns_domain": "",
            "dns_name": "",
            "fixed_ip": "10.56.0.193",
            "id": "8922f358-a1f1-4ca5-918b-c810ed270bf1",
            "pool": "public",
            "port_id": "279b5f6e-97b1-4d10-84cb-9c7528dd7cdd",
            "region": "KVM@TACC",
            "subnet_id": null,
            "subnet_ids": null,
            "tags": [],
            "tenant_id": "89f528973fea4b3a981f9b2344e522de",
            "timeouts": null,
            "value_specs": null
          },
          "sensitive_attributes": [],
          "private": "eyJlMmJmYjczMC1lY2FhLTExZTYtOGY4OC0zNDM2M2JjN2M0YzAiOnsiY3JlYXRlIjo2MDAwMDAwMDAwMDAsImRlbGV0ZSI6NjAwMDAwMDAwMDAwfX0=",
          "dependencies": [
            "data.openstack_networking_network_v2.sharednet2",
            "data.openstack_networking_secgroup_v2.allow_8000",
            "data.openstack_networking_secgroup_v2.allow_8080",
            "data.openstack_networking_secgroup_v2.allow_8081",
            "data.openstack_networking_secgroup_v2.allow_9001",
            "data.openstack_networking_secgroup_v2.allow_9090",
            "data.openstack_networking_secgroup_v2.allow_http_80",
            "data.openstack_networking_secgroup_v2.allow_ssh",
            "openstack_networking_port_v2.sharednet2_ports"
          ]
        }
      ]
    },
    {
      "mode": "managed",
      "type": "openstack_networking_network_v2",
      "name": "private_net",
      "provider": "provider[\"registry.terraform.io/terraform-provider-openstack/openstack\"]",
      "instances": [
        {
          "schema_version": 0,
          "attributes": {
            "admin_state_up": true,
            "all_tags": [],
            "availability_zone_hints": [],
            "description": "",
            "dns_domain": "",
            "external": false,
            "id": "d1f0855e-ea35-473d-8539-c6a571844299",
            "mtu": 1450,
            "name": "private-net-mlops-group36",
            "port_security_enabled": false,
            "qos_policy_id": "",
            "region": "KVM@TACC",
            "segments": [],
            "shared": false,
            "tags": [],
            "tenant_id": "89f528973fea4b3a981f9b2344e522de",
            "timeouts": null,
            "transparent_vlan": false,
            "value_specs": null
          },
          "sensitive_attributes": [],
          "private": "eyJlMmJmYjczMC1lY2FhLTExZTYtOGY4OC0zNDM2M2JjN2M0YzAiOnsiY3JlYXRlIjo2MDAwMDAwMDAwMDAsImRlbGV0ZSI6NjAwMDAwMDAwMDAwfX0="
        }
      ]
    },
    {
      "mode": "managed",
      "type": "openstack_networking_port_v2",
      "name": "private_net_ports",
      "provider": "provider[\"registry.terraform.io/terraform-provider-openstack/openstack\"]",
      "instances": [
        {
          "index_key": "node1",
          "schema_version": 0,
          "attributes": {
            "admin_state_up": true,
            "all_fixed_ips": [
              "192.168.1.11"
            ],
            "all_security_group_ids": [],
            "all_tags": [],
            "allowed_address_pairs": [],
            "binding": [
              {
                "host_id": "",
                "profile": "",
                "vif_details": {},
                "vif_type": "",
                "vnic_type": "normal"
              }
            ],
            "description": "",
            "device_id": "b522893a-ed0e-4e73-8d7a-fc583a706d66",
            "device_owner": "compute:nova",
            "dns_assignment": [],
            "dns_name": "",
            "extra_dhcp_option": [],
            "fixed_ip": [
              {
                "ip_address": "192.168.1.11",
                "subnet_id": "22f9fe2d-3daa-4471-a46c-3a2d4f4a8c61"
              }
            ],
            "id": "924ec7af-d652-48c3-9c2c-86ff494ec8fb",
            "mac_address": "fa:16:3e:6c:04:1e",
            "name": "port-node1-mlops-group36",
            "network_id": "d1f0855e-ea35-473d-8539-c6a571844299",
            "no_fixed_ip": null,
            "no_security_groups": null,
            "port_security_enabled": false,
            "qos_policy_id": "",
            "region": "KVM@TACC",
            "security_group_ids": null,
            "tags": [],
            "tenant_id": "89f528973fea4b3a981f9b2344e522de",
            "timeouts": null,
            "value_specs": null
          },
          "sensitive_attributes": [],
          "private": "eyJlMmJmYjczMC1lY2FhLTExZTYtOGY4OC0zNDM2M2JjN2M0YzAiOnsiY3JlYXRlIjo2MDAwMDAwMDAwMDAsImRlbGV0ZSI6NjAwMDAwMDAwMDAwfX0=",
          "dependencies": [
            "openstack_networking_network_v2.private_net",
            "openstack_networking_subnet_v2.private_subnet"
          ]
        },
        {
          "index_key": "node2",
          "schema_version": 0,
          "attributes": {
            "admin_state_up": true,
            "all_fixed_ips": [
              "192.168.1.12"
            ],
            "all_security_group_ids": [],
            "all_tags": [],
            "allowed_address_pairs": [],
            "binding": [
              {
                "host_id": "",
                "profile": "",
                "vif_details": {},
                "vif_type": "",
                "vnic_type": "normal"
              }
            ],
            "description": "",
            "device_id": "1eadd3f1-8667-4003-a07c-2b3dc04619be",
            "device_owner": "compute:nova",
            "dns_assignment": [],
            "dns_name": "",
            "extra_dhcp_option": [],
            "fixed_ip": [
              {
                "ip_address": "192.168.1.12",
                "subnet_id": "22f9fe2d-3daa-4471-a46c-3a2d4f4a8c61"
              }
            ],
            "id": "bd536290-5d38-4f78-92c5-dbd03bd42b42",
            "mac_address": "fa:16:3e:92:d5:cf",
            "name": "port-node2-mlops-group36",
            "network_id": "d1f0855e-ea35-473d-8539-c6a571844299",
            "no_fixed_ip": null,
            "no_security_groups": null,
            "port_security_enabled": false,
            "qos_policy_id": "",
            "region": "KVM@TACC",
            "security_group_ids": null,
            "tags": [],
            "tenant_id": "89f528973fea4b3a981f9b2344e522de",
            "timeouts": null,
            "value_specs": null
          },
          "sensitive_attributes": [],
          "private": "eyJlMmJmYjczMC1lY2FhLTExZTYtOGY4OC0zNDM2M2JjN2M0YzAiOnsiY3JlYXRlIjo2MDAwMDAwMDAwMDAsImRlbGV0ZSI6NjAwMDAwMDAwMDAwfX0=",
          "dependencies": [
            "openstack_networking_network_v2.private_net",
            "openstack_networking_subnet_v2.private_subnet"
          ]
        },
        {
          "index_key": "node3",
          "schema_version": 0,
          "attributes": {
            "admin_state_up": true,
            "all_fixed_ips": [
              "192.168.1.13"
            ],
            "all_security_group_ids": [],
            "all_tags": [],
            "allowed_address_pairs": [],
            "binding": [
              {
                "host_id": "",
                "profile": "",
                "vif_details": {},
                "vif_type": "",
                "vnic_type": "normal"
              }
            ],
            "description": "",
            "device_id": "0e662f8e-e3f9-49d7-8ac5-cf86a0b323b8",
            "device_owner": "compute:nova",
            "dns_assignment": [],
            "dns_name": "",
            "extra_dhcp_option": [],
            "fixed_ip": [
              {
                "ip_address": "192.168.1.13",
                "subnet_id": "22f9fe2d-3daa-4471-a46c-3a2d4f4a8c61"
              }
            ],
            "id": "9c99a3de-f9da-43ce-b7ba-96e5e0868ee6",
            "mac_address": "fa:16:3e:7a:b7:0c",
            "name": "port-node3-mlops-group36",
            "network_id": "d1f0855e-ea35-473d-8539-c6a571844299",
            "no_fixed_ip": null,
            "no_security_groups": null,
            "port_security_enabled": false,
            "qos_policy_id": "",
            "region": "KVM@TACC",
            "security_group_ids": null,
            "tags": [],
            "tenant_id": "89f528973fea4b3a981f9b2344e522de",
            "timeouts": null,
            "value_specs": null
          },
          "sensitive_attributes": [],
          "private": "eyJlMmJmYjczMC1lY2FhLTExZTYtOGY4OC0zNDM2M2JjN2M0YzAiOnsiY3JlYXRlIjo2MDAwMDAwMDAwMDAsImRlbGV0ZSI6NjAwMDAwMDAwMDAwfX0=",
          "dependencies": [
            "openstack_networking_network_v2.private_net",
            "openstack_networking_subnet_v2.private_subnet"
          ]
        }
      ]
    },
    {
      "mode": "managed",
      "type": "openstack_networking_port_v2",
      "name": "sharednet2_ports",
      "provider": "provider[\"registry.terraform.io/terraform-provider-openstack/openstack\"]",
      "instances": [
        {
          "index_key": "node1",
          "schema_version": 0,
          "attributes": {
            "admin_state_up": true,
            "all_fixed_ips": [
              "10.56.0.193"
            ],
            "all_security_group_ids": [
              "17a6d962-cc23-4551-ac0b-08b098f451d2",
              "47860acf-9269-4d26-84b1-363824f7e0a2",
              "5df2db36-79f9-4b9b-b6c9-1ece762d83fb",
              "9806d71f-f0bd-4c5d-8c48-f32db3094575",
              "ad2912c0-caa9-49e0-b431-b9b3953b91b3",
              "d6736d54-d9a4-431c-a5b5-4d29dbcdee03",
              "e6eff5db-c96d-4e3d-be49-1ade281f4a7a"
            ],
            "all_tags": [],
            "allowed_address_pairs": [],
            "binding": [
              {
                "host_id": "",
                "profile": "",
                "vif_details": {},
                "vif_type": "",
                "vnic_type": "normal"
              }
            ],
            "description": "",
            "device_id": "b522893a-ed0e-4e73-8d7a-fc583a706d66",
            "device_owner": "compute:nova",
            "dns_assignment": [],
            "dns_name": "",
            "extra_dhcp_option": [],
            "fixed_ip": [],
            "id": "279b5f6e-97b1-4d10-84cb-9c7528dd7cdd",
            "mac_address": "fa:16:3e:23:0f:83",
            "name": "sharednet2-node1-mlops-group36",
            "network_id": "4ec616b2-79e1-4813-abca-f2ceb41e0a89",
            "no_fixed_ip": null,
            "no_security_groups": null,
            "port_security_enabled": true,
            "qos_policy_id": "",
            "region": "KVM@TACC",
            "security_group_ids": [
              "17a6d962-cc23-4551-ac0b-08b098f451d2",
              "47860acf-9269-4d26-84b1-363824f7e0a2",
              "5df2db36-79f9-4b9b-b6c9-1ece762d83fb",
              "9806d71f-f0bd-4c5d-8c48-f32db3094575",
              "ad2912c0-caa9-49e0-b431-b9b3953b91b3",
              "d6736d54-d9a4-431c-a5b5-4d29dbcdee03",
              "e6eff5db-c96d-4e3d-be49-1ade281f4a7a"
            ],
            "tags": [],
            "tenant_id": "89f528973fea4b3a981f9b2344e522de",
            "timeouts": null,
            "value_specs": null
          },
          "sensitive_attributes": [],
          "private": "eyJlMmJmYjczMC1lY2FhLTExZTYtOGY4OC0zNDM2M2JjN2M0YzAiOnsiY3JlYXRlIjo2MDAwMDAwMDAwMDAsImRlbGV0ZSI6NjAwMDAwMDAwMDAwfX0=",
          "dependencies": [
            "data.openstack_networking_network_v2.sharednet2",
            "data.openstack_networking_secgroup_v2.allow_8000",
            "data.openstack_networking_secgroup_v2.allow_8080",
            "data.openstack_networking_secgroup_v2.allow_8081",
            "data.openstack_networking_secgroup_v2.allow_9001",
            "data.openstack_networking_secgroup_v2.allow_9090",
            "data.openstack_networking_secgroup_v2.allow_http_80",
            "data.openstack_networking_secgroup_v2.allow_ssh"
          ]
        },
        {
          "index_key": "node2",
          "schema_version": 0,
          "attributes": {
            "admin_state_up": true,
            "all_fixed_ips": [
              "10.56.3.66"
            ],
            "all_security_group_ids": [
              "17a6d962-cc23-4551-ac0b-08b098f451d2",
              "47860acf-9269-4d26-84b1-363824f7e0a2",
              "5df2db36-79f9-4b9b-b6c9-1ece762d83fb",
              "9806d71f-f0bd-4c5d-8c48-f32db3094575",
              "ad2912c0-caa9-49e0-b431-b9b3953b91b3",
              "d6736d54-d9a4-431c-a5b5-4d29dbcdee03",
              "e6eff5db-c96d-4e3d-be49-1ade281f4a7a"
            ],
            "all_tags": [],
            "allowed_address_pairs": [],
            "binding": [
              {
                "host_id": "",
                "profile": "",
                "vif_details": {},
                "vif_type": "",
                "vnic_type": "normal"
              }
            ],
            "description": "",
            "device_id": "1eadd3f1-8667-4003-a07c-2b3dc04619be",
            "device_owner": "compute:nova",
            "dns_assignment": [],
            "dns_name": "",
            "extra_dhcp_option": [],
            "fixed_ip": [],
            "id": "45c54a13-aa1a-42ab-8de9-f131b926643e",
            "mac_address": "fa:16:3e:ef:df:64",
            "name": "sharednet2-node2-mlops-group36",
            "network_id": "4ec616b2-79e1-4813-abca-f2ceb41e0a89",
            "no_fixed_ip": null,
            "no_security_groups": null,
            "port_security_enabled": true,
            "qos_policy_id": "",
            "region": "KVM@TACC",
            "security_group_ids": [
              "17a6d962-cc23-4551-ac0b-08b098f451d2",
              "47860acf-9269-4d26-84b1-363824f7e0a2",
              "5df2db36-79f9-4b9b-b6c9-1ece762d83fb",
              "9806d71f-f0bd-4c5d-8c48-f32db3094575",
              "ad2912c0-caa9-49e0-b431-b9b3953b91b3",
              "d6736d54-d9a4-431c-a5b5-4d29dbcdee03",
              "e6eff5db-c96d-4e3d-be49-1ade281f4a7a"
            ],
            "tags": [],
            "tenant_id": "89f528973fea4b3a981f9b2344e522de",
            "timeouts": null,
            "value_specs": null
          },
          "sensitive_attributes": [],
          "private": "eyJlMmJmYjczMC1lY2FhLTExZTYtOGY4OC0zNDM2M2JjN2M0YzAiOnsiY3JlYXRlIjo2MDAwMDAwMDAwMDAsImRlbGV0ZSI6NjAwMDAwMDAwMDAwfX0=",
          "dependencies": [
            "data.openstack_networking_network_v2.sharednet2",
            "data.openstack_networking_secgroup_v2.allow_8000",
            "data.openstack_networking_secgroup_v2.allow_8080",
            "data.openstack_networking_secgroup_v2.allow_8081",
            "data.openstack_networking_secgroup_v2.allow_9001",
            "data.openstack_networking_secgroup_v2.allow_9090",
            "data.openstack_networking_secgroup_v2.allow_http_80",
            "data.openstack_networking_secgroup_v2.allow_ssh"
          ]
        },
        {
          "index_key": "node3",
          "schema_version": 0,
          "attributes": {
            "admin_state_up": true,
            "all_fixed_ips": [
              "10.56.3.145"
            ],
            "all_security_group_ids": [
              "17a6d962-cc23-4551-ac0b-08b098f451d2",
              "47860acf-9269-4d26-84b1-363824f7e0a2",
              "5df2db36-79f9-4b9b-b6c9-1ece762d83fb",
              "9806d71f-f0bd-4c5d-8c48-f32db3094575",
              "ad2912c0-caa9-49e0-b431-b9b3953b91b3",
              "d6736d54-d9a4-431c-a5b5-4d29dbcdee03",
              "e6eff5db-c96d-4e3d-be49-1ade281f4a7a"
            ],
            "all_tags": [],
            "allowed_address_pairs": [],
            "binding": [
              {
                "host_id": "",
                "profile": "",
                "vif_details": {},
                "vif_type": "",
                "vnic_type": "normal"
              }
            ],
            "description": "",
            "device_id": "0e662f8e-e3f9-49d7-8ac5-cf86a0b323b8",
            "device_owner": "compute:nova",
            "dns_assignment": [],
            "dns_name": "",
            "extra_dhcp_option": [],
            "fixed_ip": [],
            "id": "b704a442-172a-4e64-81e6-077596ddeeca",
            "mac_address": "fa:16:3e:61:56:82",
            "name": "sharednet2-node3-mlops-group36",
            "network_id": "4ec616b2-79e1-4813-abca-f2ceb41e0a89",
            "no_fixed_ip": null,
            "no_security_groups": null,
            "port_security_enabled": true,
            "qos_policy_id": "",
            "region": "KVM@TACC",
            "security_group_ids": [
              "17a6d962-cc23-4551-ac0b-08b098f451d2",
              "47860acf-9269-4d26-84b1-363824f7e0a2",
              "5df2db36-79f9-4b9b-b6c9-1ece762d83fb",
              "9806d71f-f0bd-4c5d-8c48-f32db3094575",
              "ad2912c0-caa9-49e0-b431-b9b3953b91b3",
              "d6736d54-d9a4-431c-a5b5-4d29dbcdee03",
              "e6eff5db-c96d-4e3d-be49-1ade281f4a7a"
            ],
            "tags": [],
            "tenant_id": "89f528973fea4b3a981f9b2344e522de",
            "timeouts": null,
            "value_specs": null
          },
          "sensitive_attributes": [],
          "private": "eyJlMmJmYjczMC1lY2FhLTExZTYtOGY4OC0zNDM2M2JjN2M0YzAiOnsiY3JlYXRlIjo2MDAwMDAwMDAwMDAsImRlbGV0ZSI6NjAwMDAwMDAwMDAwfX0=",
          "dependencies": [
            "data.openstack_networking_network_v2.sharednet2",
            "data.openstack_networking_secgroup_v2.allow_8000",
            "data.openstack_networking_secgroup_v2.allow_8080",
            "data.openstack_networking_secgroup_v2.allow_8081",
            "data.openstack_networking_secgroup_v2.allow_9001",
            "data.openstack_networking_secgroup_v2.allow_9090",
            "data.openstack_networking_secgroup_v2.allow_http_80",
            "data.openstack_networking_secgroup_v2.allow_ssh"
          ]
        }
      ]
    },
    {
      "mode": "managed",
      "type": "openstack_networking_subnet_v2",
      "name": "private_subnet",
      "provider": "provider[\"registry.terraform.io/terraform-provider-openstack/openstack\"]",
      "instances": [
        {
          "schema_version": 0,
          "attributes": {
            "all_tags": [],
            "allocation_pool": [
              {
                "end": "192.168.1.254",
                "start": "192.168.1.1"
              }
            ],
            "allocation_pools": [
              {
                "end": "192.168.1.254",
                "start": "192.168.1.1"
              }
            ],
            "cidr": "192.168.1.0/24",
            "description": "",
            "dns_nameservers": [],
            "enable_dhcp": true,
            "gateway_ip": "",
            "host_routes": [],
            "id": "22f9fe2d-3daa-4471-a46c-3a2d4f4a8c61",
            "ip_version": 4,
            "ipv6_address_mode": "",
            "ipv6_ra_mode": "",
            "name": "private-subnet-mlops-group36",
            "network_id": "d1f0855e-ea35-473d-8539-c6a571844299",
            "no_gateway": true,
            "prefix_length": null,
            "region": "KVM@TACC",
            "service_types": [],
            "subnetpool_id": "",
            "tags": [],
            "tenant_id": "89f528973fea4b3a981f9b2344e522de",
            "timeouts": null,
            "value_specs": null
          },
          "sensitive_attributes": [],
          "private": "eyJlMmJmYjczMC1lY2FhLTExZTYtOGY4OC0zNDM2M2JjN2M0YzAiOnsiY3JlYXRlIjo2MDAwMDAwMDAwMDAsImRlbGV0ZSI6NjAwMDAwMDAwMDAwfX0=",
          "dependencies": [
            "openstack_networking_network_v2.private_net"
          ]
        }
      ]
    }
  ]
}
